// !$*UTF8*$!
{
	archiveVersion = 1;
	classes = {
	};
	objectVersion = 50;
	objects = {

/* Begin PBXBuildFile section */
		330D623120FA18B1003C8F42 /* ObjMesh.mm in Sources */ = {isa = PBXBuildFile; fileRef = 330D622E20FA18B1003C8F42 /* ObjMesh.mm */; };
		330D623220FA18B1003C8F42 /* Mesh.mm in Sources */ = {isa = PBXBuildFile; fileRef = 330D622F20FA18B1003C8F42 /* Mesh.mm */; };
		330D623420FA1947003C8F42 /* teapot.obj in Resources */ = {isa = PBXBuildFile; fileRef = 330D623320FA1947003C8F42 /* teapot.obj */; };
		330D623620FA5209003C8F42 /* monkey.obj in Resources */ = {isa = PBXBuildFile; fileRef = 330D623520FA5208003C8F42 /* monkey.obj */; };
		330D623A20FBB135003C8F42 /* PositionNormalVertexFormat.mm in Sources */ = {isa = PBXBuildFile; fileRef = 330D623820FBB135003C8F42 /* PositionNormalVertexFormat.mm */; };
		331C5E7F20F8E6E90020A981 /* ObjModel.mm in Sources */ = {isa = PBXBuildFile; fileRef = 331C5E7D20F8E6E90020A981 /* ObjModel.mm */; };
		331C5E8020F8E6E90020A981 /* ObjGroup.mm in Sources */ = {isa = PBXBuildFile; fileRef = 331C5E7E20F8E6E90020A981 /* ObjGroup.mm */; };
		332C25FE20F7DA3000DA784D /* Renderer.mm in Sources */ = {isa = PBXBuildFile; fileRef = 332C25FC20F7DA3000DA784D /* Renderer.mm */; };
		332C260520F7E6DF00DA784D /* Shaders.metal in Sources */ = {isa = PBXBuildFile; fileRef = 332C260420F7E6DF00DA784D /* Shaders.metal */; };
		332C260820F7E74900DA784D /* MathUtils.mm in Sources */ = {isa = PBXBuildFile; fileRef = 332C260620F7E74900DA784D /* MathUtils.mm */; };
		3360ED0D20FD032D007BBBD4 /* imgui_draw.cpp in Sources */ = {isa = PBXBuildFile; fileRef = 3360ED0720FD032C007BBBD4 /* imgui_draw.cpp */; };
		3360ED0E20FD032D007BBBD4 /* imgui_demo.cpp in Sources */ = {isa = PBXBuildFile; fileRef = 3360ED0820FD032C007BBBD4 /* imgui_demo.cpp */; };
		3360ED0F20FD032D007BBBD4 /* imgui.cpp in Sources */ = {isa = PBXBuildFile; fileRef = 3360ED0B20FD032C007BBBD4 /* imgui.cpp */; };
		33C6077720F7A0CB00E7639D /* MetalKit.framework in Frameworks */ = {isa = PBXBuildFile; fileRef = 33C6077620F7A0CB00E7639D /* MetalKit.framework */; settings = {ATTRIBUTES = (Required, ); }; };
		33C6077920F7A0CF00E7639D /* Metal.framework in Frameworks */ = {isa = PBXBuildFile; fileRef = 33C6077820F7A0CF00E7639D /* Metal.framework */; settings = {ATTRIBUTES = (Required, ); }; };
		33C6077B20F7A0E000E7639D /* QuartzCore.framework in Frameworks */ = {isa = PBXBuildFile; fileRef = 33C6077A20F7A0E000E7639D /* QuartzCore.framework */; };
		33C6077F20F7A0EB00E7639D /* main.mm in Sources */ = {isa = PBXBuildFile; fileRef = 33C6077C20F7A0EB00E7639D /* main.mm */; };
		33C6078020F7A0EB00E7639D /* AppDelegate.mm in Sources */ = {isa = PBXBuildFile; fileRef = 33C6077E20F7A0EB00E7639D /* AppDelegate.mm */; };
		33C6078320F7A12200E7639D /* GameViewController.mm in Sources */ = {isa = PBXBuildFile; fileRef = 33C6078120F7A12200E7639D /* GameViewController.mm */; };
		33C6078520F7A1AF00E7639D /* UIKit.framework in Frameworks */ = {isa = PBXBuildFile; fileRef = 33C6078420F7A1AF00E7639D /* UIKit.framework */; };
		33E6EAC820FD2CC200B5595F /* imgui_impl_metal.mm in Sources */ = {isa = PBXBuildFile; fileRef = 33E6EAC720FD2CC100B5595F /* imgui_impl_metal.mm */; };
		8A34CAA821065C1E005D45D6 /* bv2.mtl in Resources */ = {isa = PBXBuildFile; fileRef = 8A34CAA521065C1E005D45D6 /* bv2.mtl */; };
		8A34CAA921065C1E005D45D6 /* bv2_goz.png in Resources */ = {isa = PBXBuildFile; fileRef = 8A34CAA621065C1E005D45D6 /* bv2_goz.png */; };
		8A34CAAA21065C1E005D45D6 /* bv2.obj in Resources */ = {isa = PBXBuildFile; fileRef = 8A34CAA721065C1E005D45D6 /* bv2.obj */; };
		8A71A0AF20FFD1770001044B /* SceneTexturing.mm in Sources */ = {isa = PBXBuildFile; fileRef = 8A71A0AD20FFD1770001044B /* SceneTexturing.mm */; };
		8A781B4620F7B45C0077E3E9 /* Main.storyboard in Resources */ = {isa = PBXBuildFile; fileRef = 8A781B4420F7B45C0077E3E9 /* Main.storyboard */; };
		8A781B4720F7B45C0077E3E9 /* LaunchScreen.storyboard in Resources */ = {isa = PBXBuildFile; fileRef = 8A781B4520F7B45C0077E3E9 /* LaunchScreen.storyboard */; };
		8A781B4920F7B9500077E3E9 /* Images.xcassets in Resources */ = {isa = PBXBuildFile; fileRef = 8A781B4820F7B9500077E3E9 /* Images.xcassets */; };
		8AA3AD8320FD37FB0067DB8D /* SceneLighting.mm in Sources */ = {isa = PBXBuildFile; fileRef = 8AA3AD8220FD37FB0067DB8D /* SceneLighting.mm */; };
/* End PBXBuildFile section */

/* Begin PBXFileReference section */
		330D622920FA14BF003C8F42 /* ObjMesh.h */ = {isa = PBXFileReference; fileEncoding = 4; lastKnownFileType = sourcecode.c.h; path = ObjMesh.h; sourceTree = "<group>"; };
		330D622E20FA18B1003C8F42 /* ObjMesh.mm */ = {isa = PBXFileReference; fileEncoding = 4; lastKnownFileType = sourcecode.cpp.objcpp; path = ObjMesh.mm; sourceTree = "<group>"; };
		330D622F20FA18B1003C8F42 /* Mesh.mm */ = {isa = PBXFileReference; fileEncoding = 4; lastKnownFileType = sourcecode.cpp.objcpp; path = Mesh.mm; sourceTree = "<group>"; };
		330D623020FA18B1003C8F42 /* Mesh.h */ = {isa = PBXFileReference; fileEncoding = 4; lastKnownFileType = sourcecode.c.h; path = Mesh.h; sourceTree = "<group>"; };
		330D623320FA1947003C8F42 /* teapot.obj */ = {isa = PBXFileReference; fileEncoding = 4; lastKnownFileType = text; path = teapot.obj; sourceTree = "<group>"; };
		330D623520FA5208003C8F42 /* monkey.obj */ = {isa = PBXFileReference; fileEncoding = 4; lastKnownFileType = text; path = monkey.obj; sourceTree = "<group>"; };
		330D623720FBB135003C8F42 /* PositionNormalVertexFormat.h */ = {isa = PBXFileReference; fileEncoding = 4; lastKnownFileType = sourcecode.c.h; path = PositionNormalVertexFormat.h; sourceTree = "<group>"; };
		330D623820FBB135003C8F42 /* PositionNormalVertexFormat.mm */ = {isa = PBXFileReference; fileEncoding = 4; lastKnownFileType = sourcecode.cpp.objcpp; path = PositionNormalVertexFormat.mm; sourceTree = "<group>"; };
		330D623920FBB135003C8F42 /* VertexFormat.h */ = {isa = PBXFileReference; fileEncoding = 4; lastKnownFileType = sourcecode.c.h; path = VertexFormat.h; sourceTree = "<group>"; };
		331C5E7A20F8E54D0020A981 /* ObjModel.h */ = {isa = PBXFileReference; fileEncoding = 4; lastKnownFileType = sourcecode.c.h; path = ObjModel.h; sourceTree = "<group>"; };
		331C5E7C20F8E54D0020A981 /* ObjGroup.h */ = {isa = PBXFileReference; fileEncoding = 4; lastKnownFileType = sourcecode.c.h; path = ObjGroup.h; sourceTree = "<group>"; };
		331C5E7D20F8E6E90020A981 /* ObjModel.mm */ = {isa = PBXFileReference; fileEncoding = 4; lastKnownFileType = sourcecode.cpp.objcpp; path = ObjModel.mm; sourceTree = "<group>"; };
		331C5E7E20F8E6E90020A981 /* ObjGroup.mm */ = {isa = PBXFileReference; fileEncoding = 4; lastKnownFileType = sourcecode.cpp.objcpp; path = ObjGroup.mm; sourceTree = "<group>"; };
		332C25FC20F7DA3000DA784D /* Renderer.mm */ = {isa = PBXFileReference; fileEncoding = 4; lastKnownFileType = sourcecode.cpp.objcpp; path = Renderer.mm; sourceTree = "<group>"; };
		332C25FD20F7DA3000DA784D /* Renderer.h */ = {isa = PBXFileReference; fileEncoding = 4; lastKnownFileType = sourcecode.c.h; path = Renderer.h; sourceTree = "<group>"; };
		332C260420F7E6DF00DA784D /* Shaders.metal */ = {isa = PBXFileReference; fileEncoding = 4; lastKnownFileType = sourcecode.metal; path = Shaders.metal; sourceTree = "<group>"; };
		332C260620F7E74900DA784D /* MathUtils.mm */ = {isa = PBXFileReference; fileEncoding = 4; lastKnownFileType = sourcecode.cpp.objcpp; path = MathUtils.mm; sourceTree = "<group>"; };
		332C260720F7E74900DA784D /* MathUtils.h */ = {isa = PBXFileReference; fileEncoding = 4; lastKnownFileType = sourcecode.c.h; path = MathUtils.h; sourceTree = "<group>"; };
		3360ED0420FD0314007BBBD4 /* stb_rect_pack.h */ = {isa = PBXFileReference; fileEncoding = 4; lastKnownFileType = sourcecode.c.h; path = stb_rect_pack.h; sourceTree = "<group>"; };
		3360ED0520FD0314007BBBD4 /* stb_truetype.h */ = {isa = PBXFileReference; fileEncoding = 4; lastKnownFileType = sourcecode.c.h; path = stb_truetype.h; sourceTree = "<group>"; };
		3360ED0620FD0314007BBBD4 /* stb_textedit.h */ = {isa = PBXFileReference; fileEncoding = 4; lastKnownFileType = sourcecode.c.h; path = stb_textedit.h; sourceTree = "<group>"; };
		3360ED0720FD032C007BBBD4 /* imgui_draw.cpp */ = {isa = PBXFileReference; fileEncoding = 4; lastKnownFileType = sourcecode.cpp.cpp; path = imgui_draw.cpp; sourceTree = "<group>"; };
		3360ED0820FD032C007BBBD4 /* imgui_demo.cpp */ = {isa = PBXFileReference; fileEncoding = 4; lastKnownFileType = sourcecode.cpp.cpp; path = imgui_demo.cpp; sourceTree = "<group>"; };
		3360ED0920FD032C007BBBD4 /* imconfig.h */ = {isa = PBXFileReference; fileEncoding = 4; lastKnownFileType = sourcecode.c.h; path = imconfig.h; sourceTree = "<group>"; };
		3360ED0A20FD032C007BBBD4 /* imgui_internal.h */ = {isa = PBXFileReference; fileEncoding = 4; lastKnownFileType = sourcecode.c.h; path = imgui_internal.h; sourceTree = "<group>"; };
		3360ED0B20FD032C007BBBD4 /* imgui.cpp */ = {isa = PBXFileReference; fileEncoding = 4; lastKnownFileType = sourcecode.cpp.cpp; path = imgui.cpp; sourceTree = "<group>"; };
		3360ED0C20FD032D007BBBD4 /* imgui.h */ = {isa = PBXFileReference; fileEncoding = 4; lastKnownFileType = sourcecode.c.h; path = imgui.h; sourceTree = "<group>"; };
		3397991120F79D94006A2E39 /* tinymetal.app */ = {isa = PBXFileReference; explicitFileType = wrapper.application; includeInIndex = 0; path = tinymetal.app; sourceTree = BUILT_PRODUCTS_DIR; };
		33C6076320F7A03B00E7639D /* Info.plist */ = {isa = PBXFileReference; fileEncoding = 4; lastKnownFileType = text.plist.xml; path = Info.plist; sourceTree = "<group>"; };
		33C6077620F7A0CB00E7639D /* MetalKit.framework */ = {isa = PBXFileReference; lastKnownFileType = wrapper.framework; name = MetalKit.framework; path = System/Library/Frameworks/MetalKit.framework; sourceTree = SDKROOT; };
		33C6077820F7A0CF00E7639D /* Metal.framework */ = {isa = PBXFileReference; lastKnownFileType = wrapper.framework; name = Metal.framework; path = System/Library/Frameworks/Metal.framework; sourceTree = SDKROOT; };
		33C6077A20F7A0E000E7639D /* QuartzCore.framework */ = {isa = PBXFileReference; lastKnownFileType = wrapper.framework; name = QuartzCore.framework; path = System/Library/Frameworks/QuartzCore.framework; sourceTree = SDKROOT; };
		33C6077C20F7A0EB00E7639D /* main.mm */ = {isa = PBXFileReference; fileEncoding = 4; lastKnownFileType = sourcecode.cpp.objcpp; path = main.mm; sourceTree = "<group>"; };
		33C6077D20F7A0EB00E7639D /* AppDelegate.h */ = {isa = PBXFileReference; fileEncoding = 4; lastKnownFileType = sourcecode.c.h; path = AppDelegate.h; sourceTree = "<group>"; };
		33C6077E20F7A0EB00E7639D /* AppDelegate.mm */ = {isa = PBXFileReference; fileEncoding = 4; lastKnownFileType = sourcecode.cpp.objcpp; path = AppDelegate.mm; sourceTree = "<group>"; };
		33C6078120F7A12200E7639D /* GameViewController.mm */ = {isa = PBXFileReference; fileEncoding = 4; lastKnownFileType = sourcecode.cpp.objcpp; path = GameViewController.mm; sourceTree = "<group>"; };
		33C6078220F7A12200E7639D /* GameViewController.h */ = {isa = PBXFileReference; fileEncoding = 4; lastKnownFileType = sourcecode.c.h; path = GameViewController.h; sourceTree = "<group>"; };
		33C6078420F7A1AF00E7639D /* UIKit.framework */ = {isa = PBXFileReference; lastKnownFileType = wrapper.framework; name = UIKit.framework; path = System/Library/Frameworks/UIKit.framework; sourceTree = SDKROOT; };
		33E6EAC620FD2CC100B5595F /* imgui_impl_metal.h */ = {isa = PBXFileReference; fileEncoding = 4; lastKnownFileType = sourcecode.c.h; path = imgui_impl_metal.h; sourceTree = "<group>"; };
		33E6EAC720FD2CC100B5595F /* imgui_impl_metal.mm */ = {isa = PBXFileReference; fileEncoding = 4; lastKnownFileType = sourcecode.cpp.objcpp; path = imgui_impl_metal.mm; sourceTree = "<group>"; };
		8A34CAA521065C1E005D45D6 /* bv2.mtl */ = {isa = PBXFileReference; fileEncoding = 4; lastKnownFileType = text; path = bv2.mtl; sourceTree = "<group>"; };
		8A34CAA621065C1E005D45D6 /* bv2_goz.png */ = {isa = PBXFileReference; lastKnownFileType = image.png; path = bv2_goz.png; sourceTree = "<group>"; };
		8A34CAA721065C1E005D45D6 /* bv2.obj */ = {isa = PBXFileReference; fileEncoding = 4; lastKnownFileType = text; path = bv2.obj; sourceTree = "<group>"; };
		8A71A0AD20FFD1770001044B /* SceneTexturing.mm */ = {isa = PBXFileReference; fileEncoding = 4; lastKnownFileType = sourcecode.cpp.objcpp; path = SceneTexturing.mm; sourceTree = "<group>"; };
		8A71A0AE20FFD1770001044B /* SceneTexturing.h */ = {isa = PBXFileReference; fileEncoding = 4; lastKnownFileType = sourcecode.c.h; path = SceneTexturing.h; sourceTree = "<group>"; };
		8A781B4420F7B45C0077E3E9 /* Main.storyboard */ = {isa = PBXFileReference; fileEncoding = 4; lastKnownFileType = file.storyboard; path = Main.storyboard; sourceTree = "<group>"; };
		8A781B4520F7B45C0077E3E9 /* LaunchScreen.storyboard */ = {isa = PBXFileReference; fileEncoding = 4; lastKnownFileType = file.storyboard; path = LaunchScreen.storyboard; sourceTree = "<group>"; };
		8A781B4820F7B9500077E3E9 /* Images.xcassets */ = {isa = PBXFileReference; lastKnownFileType = folder.assetcatalog; path = Images.xcassets; sourceTree = "<group>"; };
		8AA3AD8020FD37DE0067DB8D /* Scene.h */ = {isa = PBXFileReference; fileEncoding = 4; lastKnownFileType = sourcecode.c.h; path = Scene.h; sourceTree = "<group>"; };
		8AA3AD8120FD37FB0067DB8D /* SceneLighting.h */ = {isa = PBXFileReference; fileEncoding = 4; lastKnownFileType = sourcecode.c.h; path = SceneLighting.h; sourceTree = "<group>"; };
		8AA3AD8220FD37FB0067DB8D /* SceneLighting.mm */ = {isa = PBXFileReference; fileEncoding = 4; lastKnownFileType = sourcecode.cpp.objcpp; path = SceneLighting.mm; sourceTree = "<group>"; };
/* End PBXFileReference section */

/* Begin PBXFrameworksBuildPhase section */
		3397990E20F79D94006A2E39 /* Frameworks */ = {
			isa = PBXFrameworksBuildPhase;
			buildActionMask = 2147483647;
			files = (
				33C6078520F7A1AF00E7639D /* UIKit.framework in Frameworks */,
				33C6077B20F7A0E000E7639D /* QuartzCore.framework in Frameworks */,
				33C6077920F7A0CF00E7639D /* Metal.framework in Frameworks */,
				33C6077720F7A0CB00E7639D /* MetalKit.framework in Frameworks */,
			);
			runOnlyForDeploymentPostprocessing = 0;
		};
/* End PBXFrameworksBuildPhase section */

/* Begin PBXGroup section */
		332C260120F7E64900DA784D /* Media */ = {
			isa = PBXGroup;
			children = (
				8A34CAA621065C1E005D45D6 /* bv2_goz.png */,
				8A34CAA521065C1E005D45D6 /* bv2.mtl */,
				8A34CAA721065C1E005D45D6 /* bv2.obj */,
				330D623520FA5208003C8F42 /* monkey.obj */,
				330D623320FA1947003C8F42 /* teapot.obj */,
			);
			name = Media;
			path = ../media;
			sourceTree = "<group>";
		};
		3360ED0220FD02D2007BBBD4 /* imgui */ = {
			isa = PBXGroup;
			children = (
				3360ED0920FD032C007BBBD4 /* imconfig.h */,
				3360ED0820FD032C007BBBD4 /* imgui_demo.cpp */,
				3360ED0720FD032C007BBBD4 /* imgui_draw.cpp */,
				3360ED0A20FD032C007BBBD4 /* imgui_internal.h */,
				3360ED0B20FD032C007BBBD4 /* imgui.cpp */,
				3360ED0C20FD032D007BBBD4 /* imgui.h */,
			);
			name = imgui;
			path = ../lib/imgui;
			sourceTree = "<group>";
		};
		3360ED0320FD02EB007BBBD4 /* stb */ = {
			isa = PBXGroup;
			children = (
				3360ED0420FD0314007BBBD4 /* stb_rect_pack.h */,
				3360ED0620FD0314007BBBD4 /* stb_textedit.h */,
				3360ED0520FD0314007BBBD4 /* stb_truetype.h */,
			);
			name = stb;
			path = ../lib/stb;
			sourceTree = "<group>";
		};
		3397990820F79D94006A2E39 = {
			isa = PBXGroup;
			children = (
				332C260120F7E64900DA784D /* Media */,
				33C6076220F7A01000E7639D /* Sources */,
				33C6076020F79F6900E7639D /* System */,
				3397991220F79D94006A2E39 /* Products */,
				33C6077520F7A0CA00E7639D /* Frameworks */,
			);
			sourceTree = "<group>";
		};
		3397991220F79D94006A2E39 /* Products */ = {
			isa = PBXGroup;
			children = (
				3397991120F79D94006A2E39 /* tinymetal.app */,
			);
			name = Products;
			sourceTree = "<group>";
		};
		33C6076020F79F6900E7639D /* System */ = {
			isa = PBXGroup;
			children = (
				8A781B4820F7B9500077E3E9 /* Images.xcassets */,
				8A781B4520F7B45C0077E3E9 /* LaunchScreen.storyboard */,
				8A781B4420F7B45C0077E3E9 /* Main.storyboard */,
				33C6076320F7A03B00E7639D /* Info.plist */,
			);
			name = System;
			sourceTree = "<group>";
		};
		33C6076220F7A01000E7639D /* Sources */ = {
			isa = PBXGroup;
			children = (
				33E6EAC620FD2CC100B5595F /* imgui_impl_metal.h */,
				33E6EAC720FD2CC100B5595F /* imgui_impl_metal.mm */,
				8AA3AD8120FD37FB0067DB8D /* SceneLighting.h */,
				8AA3AD8220FD37FB0067DB8D /* SceneLighting.mm */,
				8A71A0AE20FFD1770001044B /* SceneTexturing.h */,
				8A71A0AD20FFD1770001044B /* SceneTexturing.mm */,
				8AA3AD8020FD37DE0067DB8D /* Scene.h */,
				3360ED0320FD02EB007BBBD4 /* stb */,
				3360ED0220FD02D2007BBBD4 /* imgui */,
				330D623720FBB135003C8F42 /* PositionNormalVertexFormat.h */,
				330D623820FBB135003C8F42 /* PositionNormalVertexFormat.mm */,
				330D623920FBB135003C8F42 /* VertexFormat.h */,
				330D623020FA18B1003C8F42 /* Mesh.h */,
				330D622F20FA18B1003C8F42 /* Mesh.mm */,
				330D622920FA14BF003C8F42 /* ObjMesh.h */,
				330D622E20FA18B1003C8F42 /* ObjMesh.mm */,
				331C5E7A20F8E54D0020A981 /* ObjModel.h */,
				331C5E7D20F8E6E90020A981 /* ObjModel.mm */,
				331C5E7C20F8E54D0020A981 /* ObjGroup.h */,
				331C5E7E20F8E6E90020A981 /* ObjGroup.mm */,
				332C260720F7E74900DA784D /* MathUtils.h */,
				332C260620F7E74900DA784D /* MathUtils.mm */,
				332C260420F7E6DF00DA784D /* Shaders.metal */,
				332C25FD20F7DA3000DA784D /* Renderer.h */,
				332C25FC20F7DA3000DA784D /* Renderer.mm */,
				33C6078220F7A12200E7639D /* GameViewController.h */,
				33C6078120F7A12200E7639D /* GameViewController.mm */,
				33C6077D20F7A0EB00E7639D /* AppDelegate.h */,
				33C6077E20F7A0EB00E7639D /* AppDelegate.mm */,
				33C6077C20F7A0EB00E7639D /* main.mm */,
			);
			name = Sources;
			path = ../src;
			sourceTree = "<group>";
		};
		33C6077520F7A0CA00E7639D /* Frameworks */ = {
			isa = PBXGroup;
			children = (
				33C6078420F7A1AF00E7639D /* UIKit.framework */,
				33C6077A20F7A0E000E7639D /* QuartzCore.framework */,
				33C6077820F7A0CF00E7639D /* Metal.framework */,
				33C6077620F7A0CB00E7639D /* MetalKit.framework */,
			);
			name = Frameworks;
			sourceTree = "<group>";
		};
/* End PBXGroup section */

/* Begin PBXNativeTarget section */
		3397991020F79D94006A2E39 /* tinymetal */ = {
			isa = PBXNativeTarget;
			buildConfigurationList = 3397992720F79D96006A2E39 /* Build configuration list for PBXNativeTarget "tinymetal" */;
			buildPhases = (
				3397990D20F79D94006A2E39 /* Sources */,
				3397990E20F79D94006A2E39 /* Frameworks */,
				3397990F20F79D94006A2E39 /* Resources */,
			);
			buildRules = (
			);
			dependencies = (
			);
			name = tinymetal;
			productName = tinymetal;
			productReference = 3397991120F79D94006A2E39 /* tinymetal.app */;
			productType = "com.apple.product-type.application";
		};
/* End PBXNativeTarget section */

/* Begin PBXProject section */
		3397990920F79D94006A2E39 /* Project object */ = {
			isa = PBXProject;
			attributes = {
				LastUpgradeCheck = 0940;
				TargetAttributes = {
					3397991020F79D94006A2E39 = {
						CreatedOnToolsVersion = 9.4;
					};
				};
			};
			buildConfigurationList = 3397990C20F79D94006A2E39 /* Build configuration list for PBXProject "tinymetal" */;
			compatibilityVersion = "Xcode 9.3";
			developmentRegion = en;
			hasScannedForEncodings = 0;
			knownRegions = (
				en,
				Base,
			);
			mainGroup = 3397990820F79D94006A2E39;
			productRefGroup = 3397991220F79D94006A2E39 /* Products */;
			projectDirPath = "";
			projectRoot = "";
			targets = (
				3397991020F79D94006A2E39 /* tinymetal */,
			);
		};
/* End PBXProject section */

/* Begin PBXResourcesBuildPhase section */
		3397990F20F79D94006A2E39 /* Resources */ = {
			isa = PBXResourcesBuildPhase;
			buildActionMask = 2147483647;
			files = (
				8A34CAA821065C1E005D45D6 /* bv2.mtl in Resources */,
				8A34CAA921065C1E005D45D6 /* bv2_goz.png in Resources */,
				8A34CAAA21065C1E005D45D6 /* bv2.obj in Resources */,
				330D623420FA1947003C8F42 /* teapot.obj in Resources */,
				8A781B4920F7B9500077E3E9 /* Images.xcassets in Resources */,
				330D623620FA5209003C8F42 /* monkey.obj in Resources */,
				8A781B4620F7B45C0077E3E9 /* Main.storyboard in Resources */,
				8A781B4720F7B45C0077E3E9 /* LaunchScreen.storyboard in Resources */,
			);
			runOnlyForDeploymentPostprocessing = 0;
		};
/* End PBXResourcesBuildPhase section */

/* Begin PBXSourcesBuildPhase section */
		3397990D20F79D94006A2E39 /* Sources */ = {
			isa = PBXSourcesBuildPhase;
			buildActionMask = 2147483647;
			files = (
				33C6078020F7A0EB00E7639D /* AppDelegate.mm in Sources */,
				33E6EAC820FD2CC200B5595F /* imgui_impl_metal.mm in Sources */,
				331C5E7F20F8E6E90020A981 /* ObjModel.mm in Sources */,
				330D623220FA18B1003C8F42 /* Mesh.mm in Sources */,
				3360ED0E20FD032D007BBBD4 /* imgui_demo.cpp in Sources */,
				3360ED0D20FD032D007BBBD4 /* imgui_draw.cpp in Sources */,
				3360ED0F20FD032D007BBBD4 /* imgui.cpp in Sources */,
				332C260520F7E6DF00DA784D /* Shaders.metal in Sources */,
				331C5E8020F8E6E90020A981 /* ObjGroup.mm in Sources */,
				33C6077F20F7A0EB00E7639D /* main.mm in Sources */,
				330D623120FA18B1003C8F42 /* ObjMesh.mm in Sources */,
				332C25FE20F7DA3000DA784D /* Renderer.mm in Sources */,
				8A71A0AF20FFD1770001044B /* SceneTexturing.mm in Sources */,
				8AA3AD8320FD37FB0067DB8D /* SceneLighting.mm in Sources */,
				33C6078320F7A12200E7639D /* GameViewController.mm in Sources */,
				330D623A20FBB135003C8F42 /* PositionNormalVertexFormat.mm in Sources */,
				332C260820F7E74900DA784D /* MathUtils.mm in Sources */,
			);
			runOnlyForDeploymentPostprocessing = 0;
		};
/* End PBXSourcesBuildPhase section */

/* Begin XCBuildConfiguration section */
		3397992520F79D96006A2E39 /* Debug */ = {
			isa = XCBuildConfiguration;
			buildSettings = {
				ALWAYS_SEARCH_USER_PATHS = NO;
				CLANG_ANALYZER_NONNULL = YES;
				CLANG_ANALYZER_NUMBER_OBJECT_CONVERSION = YES_AGGRESSIVE;
				CLANG_CXX_LANGUAGE_STANDARD = "gnu++14";
				CLANG_CXX_LIBRARY = "libc++";
				CLANG_ENABLE_MODULES = YES;
				CLANG_ENABLE_OBJC_ARC = YES;
				CLANG_ENABLE_OBJC_WEAK = YES;
				CLANG_WARN_BLOCK_CAPTURE_AUTORELEASING = YES;
				CLANG_WARN_BOOL_CONVERSION = YES;
				CLANG_WARN_COMMA = YES;
				CLANG_WARN_CONSTANT_CONVERSION = YES;
				CLANG_WARN_DEPRECATED_OBJC_IMPLEMENTATIONS = YES;
				CLANG_WARN_DIRECT_OBJC_ISA_USAGE = YES_ERROR;
				CLANG_WARN_DOCUMENTATION_COMMENTS = YES;
				CLANG_WARN_EMPTY_BODY = YES;
				CLANG_WARN_ENUM_CONVERSION = YES;
				CLANG_WARN_INFINITE_RECURSION = YES;
				CLANG_WARN_INT_CONVERSION = YES;
				CLANG_WARN_NON_LITERAL_NULL_CONVERSION = YES;
				CLANG_WARN_OBJC_IMPLICIT_RETAIN_SELF = YES;
				CLANG_WARN_OBJC_LITERAL_CONVERSION = YES;
				CLANG_WARN_OBJC_ROOT_CLASS = YES_ERROR;
				CLANG_WARN_RANGE_LOOP_ANALYSIS = YES;
				CLANG_WARN_STRICT_PROTOTYPES = YES;
				CLANG_WARN_SUSPICIOUS_MOVE = YES;
				CLANG_WARN_UNGUARDED_AVAILABILITY = YES_AGGRESSIVE;
				CLANG_WARN_UNREACHABLE_CODE = YES;
				CLANG_WARN__DUPLICATE_METHOD_MATCH = YES;
				CODE_SIGN_IDENTITY = "iPhone Developer";
				COPY_PHASE_STRIP = NO;
				DEBUG_INFORMATION_FORMAT = dwarf;
				ENABLE_STRICT_OBJC_MSGSEND = YES;
				ENABLE_TESTABILITY = YES;
				GCC_C_LANGUAGE_STANDARD = gnu11;
				GCC_DYNAMIC_NO_PIC = NO;
				GCC_NO_COMMON_BLOCKS = YES;
				GCC_OPTIMIZATION_LEVEL = 0;
				GCC_PREPROCESSOR_DEFINITIONS = (
					"DEBUG=1",
					"$(inherited)",
				);
				GCC_WARN_64_TO_32_BIT_CONVERSION = YES;
				GCC_WARN_ABOUT_RETURN_TYPE = YES_ERROR;
				GCC_WARN_UNDECLARED_SELECTOR = YES;
				GCC_WARN_UNINITIALIZED_AUTOS = YES_AGGRESSIVE;
				GCC_WARN_UNUSED_FUNCTION = YES;
				GCC_WARN_UNUSED_VARIABLE = YES;
				IPHONEOS_DEPLOYMENT_TARGET = 11.4;
				MTL_ENABLE_DEBUG_INFO = YES;
				ONLY_ACTIVE_ARCH = YES;
				SDKROOT = iphoneos;
			};
			name = Debug;
		};
		3397992620F79D96006A2E39 /* Release */ = {
			isa = XCBuildConfiguration;
			buildSettings = {
				ALWAYS_SEARCH_USER_PATHS = NO;
				CLANG_ANALYZER_NONNULL = YES;
				CLANG_ANALYZER_NUMBER_OBJECT_CONVERSION = YES_AGGRESSIVE;
				CLANG_CXX_LANGUAGE_STANDARD = "gnu++14";
				CLANG_CXX_LIBRARY = "libc++";
				CLANG_ENABLE_MODULES = YES;
				CLANG_ENABLE_OBJC_ARC = YES;
				CLANG_ENABLE_OBJC_WEAK = YES;
				CLANG_WARN_BLOCK_CAPTURE_AUTORELEASING = YES;
				CLANG_WARN_BOOL_CONVERSION = YES;
				CLANG_WARN_COMMA = YES;
				CLANG_WARN_CONSTANT_CONVERSION = YES;
				CLANG_WARN_DEPRECATED_OBJC_IMPLEMENTATIONS = YES;
				CLANG_WARN_DIRECT_OBJC_ISA_USAGE = YES_ERROR;
				CLANG_WARN_DOCUMENTATION_COMMENTS = YES;
				CLANG_WARN_EMPTY_BODY = YES;
				CLANG_WARN_ENUM_CONVERSION = YES;
				CLANG_WARN_INFINITE_RECURSION = YES;
				CLANG_WARN_INT_CONVERSION = YES;
				CLANG_WARN_NON_LITERAL_NULL_CONVERSION = YES;
				CLANG_WARN_OBJC_IMPLICIT_RETAIN_SELF = YES;
				CLANG_WARN_OBJC_LITERAL_CONVERSION = YES;
				CLANG_WARN_OBJC_ROOT_CLASS = YES_ERROR;
				CLANG_WARN_RANGE_LOOP_ANALYSIS = YES;
				CLANG_WARN_STRICT_PROTOTYPES = YES;
				CLANG_WARN_SUSPICIOUS_MOVE = YES;
				CLANG_WARN_UNGUARDED_AVAILABILITY = YES_AGGRESSIVE;
				CLANG_WARN_UNREACHABLE_CODE = YES;
				CLANG_WARN__DUPLICATE_METHOD_MATCH = YES;
				CODE_SIGN_IDENTITY = "iPhone Developer";
				COPY_PHASE_STRIP = NO;
				DEBUG_INFORMATION_FORMAT = "dwarf-with-dsym";
				ENABLE_NS_ASSERTIONS = NO;
				ENABLE_STRICT_OBJC_MSGSEND = YES;
				GCC_C_LANGUAGE_STANDARD = gnu11;
				GCC_NO_COMMON_BLOCKS = YES;
				GCC_WARN_64_TO_32_BIT_CONVERSION = YES;
				GCC_WARN_ABOUT_RETURN_TYPE = YES_ERROR;
				GCC_WARN_UNDECLARED_SELECTOR = YES;
				GCC_WARN_UNINITIALIZED_AUTOS = YES_AGGRESSIVE;
				GCC_WARN_UNUSED_FUNCTION = YES;
				GCC_WARN_UNUSED_VARIABLE = YES;
				IPHONEOS_DEPLOYMENT_TARGET = 11.4;
				MTL_ENABLE_DEBUG_INFO = NO;
				SDKROOT = iphoneos;
				VALIDATE_PRODUCT = YES;
			};
			name = Release;
		};
		3397992820F79D96006A2E39 /* Debug */ = {
			isa = XCBuildConfiguration;
			buildSettings = {
				ASSETCATALOG_COMPILER_APPICON_NAME = AppIcon;
				CODE_SIGN_STYLE = Automatic;
				DEVELOPMENT_TEAM = 678TP86R4P;
				INFOPLIST_FILE = "$(SRCROOT)/Info.plist";
				IPHONEOS_DEPLOYMENT_TARGET = 9.0;
				LD_RUNPATH_SEARCH_PATHS = (
					"$(inherited)",
					"@executable_path/Frameworks",
				);
				PRODUCT_BUNDLE_IDENTIFIER = dot.woot.tinymetal;
				PRODUCT_NAME = "$(TARGET_NAME)";
				TARGETED_DEVICE_FAMILY = "1,2";
			};
			name = Debug;
		};
		3397992920F79D96006A2E39 /* Release */ = {
			isa = XCBuildConfiguration;
			buildSettings = {
				ASSETCATALOG_COMPILER_APPICON_NAME = AppIcon;
				CODE_SIGN_STYLE = Automatic;
				DEVELOPMENT_TEAM = 678TP86R4P;
				INFOPLIST_FILE = "$(SRCROOT)/Info.plist";
				IPHONEOS_DEPLOYMENT_TARGET = 9.0;
				LD_RUNPATH_SEARCH_PATHS = (
					"$(inherited)",
					"@executable_path/Frameworks",
				);
				PRODUCT_BUNDLE_IDENTIFIER = dot.woot.tinymetal;
				PRODUCT_NAME = "$(TARGET_NAME)";
				TARGETED_DEVICE_FAMILY = "1,2";
			};
			name = Release;
		};
/* End XCBuildConfiguration section */

/* Begin XCConfigurationList section */
		3397990C20F79D94006A2E39 /* Build configuration list for PBXProject "tinymetal" */ = {
			isa = XCConfigurationList;
			buildConfigurations = (
				3397992520F79D96006A2E39 /* Debug */,
				3397992620F79D96006A2E39 /* Release */,
			);
			defaultConfigurationIsVisible = 0;
			defaultConfigurationName = Release;
		};
		3397992720F79D96006A2E39 /* Build configuration list for PBXNativeTarget "tinymetal" */ = {
			isa = XCConfigurationList;
			buildConfigurations = (
				3397992820F79D96006A2E39 /* Debug */,
				3397992920F79D96006A2E39 /* Release */,
			);
			defaultConfigurationIsVisible = 0;
			defaultConfigurationName = Release;
		};
/* End XCConfigurationList section */
	};
	rootObject = 3397990920F79D94006A2E39 /* Project object */;
}
